{
  "name": "letters-to-god-function",
  "version": "1.0.0",
  "lockfileVersion": 2,
  "requires": true,
  "packages": {
    "": {
      "name": "letters-to-god-function",
      "version": "1.0.0",
      "dependencies": {
        "node-fetch": "^2.6.7"
      }
    },
    "node_modules/node-fetch": {
      "version": "2.6.7",
      "resolved": "https://registry.npmjs.org/node-fetch/-/node-fetch-2.6.7.tgz",
      "integrity": "sha512-Ut+3ykA+mu1LGDEek6k+egrG4pUzZKXbmPRhEQamYIGn5HyZJ0FdzgeC+ozvF1Ld6zDzHz7YsvjYnZ5k1xyKkg=="
    }
  },
  "dependencies": {
    "node-fetch": {
      "version": "2.6.7",
      "resolved": "https://registry.npmjs.org/node-fetch/-/node-fetch-2.6.7.tgz",
      "integrity": "sha512-Ut+3ykA+mu1LGDEek6k+egrG4pUzZKXbmPRhEQamYIGn5HyZJ0FdzgeC+ozvF1Ld6zDzHz7YsvjYnZ5k1xyKkg=="
    }
  }
}